<?xml version="1.0" encoding="utf-8"?>
<Project ToolsVersion="16.0" xmlns="http://schemas.microsoft.com/developer/msbuild/2003">
  <ItemGroup>
    <ClCompile Include="C:\Users\nfgol\ITU_GProg\SkullBasherTD\SRE_project\thirdparty\All\OpenAL-soft\examples\alrecord.c">
      <Filter>Source Files</Filter>
    </ClCompile>
  </ItemGroup>
  <ItemGroup>
    <CustomBuild Include="C:\Users\nfgol\ITU_GProg\SkullBasherTD\SRE_project\thirdparty\All\OpenAL-soft\CMakeLists.txt" />
  </ItemGroup>
  <ItemGroup>
    <Filter Include="Source Files">
      <UniqueIdentifier>{BD3BB8AD-B4E5-363E-9B50-BFC249C2A025}</UniqueIdentifier>
    </Filter>
  </ItemGroup>
</Project>
