<?xml version="1.0" encoding="utf-8"?>
<Project ToolsVersion="16.0" xmlns="http://schemas.microsoft.com/developer/msbuild/2003">
  <ItemGroup>
    <ClCompile Include="C:\Users\nfgol\ITU_GProg\libsndfile\tests\long_read_write_test.c">
      <Filter>Source Files</Filter>
    </ClCompile>
  </ItemGroup>
  <ItemGroup>
    <CustomBuild Include="C:\Users\nfgol\ITU_GProg\libsndfile\CMakeLists.txt" />
  </ItemGroup>
  <ItemGroup>
    <Filter Include="Source Files">
      <UniqueIdentifier>{4939B08E-35D3-3BB3-8F60-09AF230056C9}</UniqueIdentifier>
    </Filter>
  </ItemGroup>
</Project>
