<?xml version="1.0" encoding="utf-8"?>
<Project ToolsVersion="16.0" xmlns="http://schemas.microsoft.com/developer/msbuild/2003">
  <ItemGroup>
    <ClCompile Include="C:\Users\nfgol\ITU_GProg\libsndfile\programs\sndfile-deinterleave.c">
      <Filter>Source Files</Filter>
    </ClCompile>
    <ClCompile Include="C:\Users\nfgol\ITU_GProg\libsndfile\programs\common.c">
      <Filter>Source Files</Filter>
    </ClCompile>
  </ItemGroup>
  <ItemGroup>
    <ClInclude Include="C:\Users\nfgol\ITU_GProg\libsndfile\programs\common.h">
      <Filter>Header Files</Filter>
    </ClInclude>
  </ItemGroup>
  <ItemGroup>
    <CustomBuild Include="C:\Users\nfgol\ITU_GProg\libsndfile\CMakeLists.txt" />
  </ItemGroup>
  <ItemGroup>
    <Filter Include="Header Files">
      <UniqueIdentifier>{4EB5C85B-9520-3007-A716-435840FF23D7}</UniqueIdentifier>
    </Filter>
    <Filter Include="Source Files">
      <UniqueIdentifier>{4939B08E-35D3-3BB3-8F60-09AF230056C9}</UniqueIdentifier>
    </Filter>
  </ItemGroup>
</Project>
